uuid: 3fa6103c-0b5f-4b38-8543-57be160bf891
langcode: sv
status: true
dependencies:
  module:
    - eu_cookie_compliance
  theme:
    - b5subtheme
id: eucookiecompliancebuttonblock
theme: b5subtheme
region: footer
weight: 0
provider: null
plugin: eu_cookie_compliance_button_block
settings:
  id: eu_cookie_compliance_button_block
  label: 'EU Cookie Compliance Button Block'
  label_display: '0'
  provider: eu_cookie_compliance
visibility: {  }
